<?xml version="1.0" encoding="UTF-8" standalone="yes" ?>
<CodeBlocks_project_file>
	<FileVersion major="1" minor="6" />
	<Project>
		<Option title="agence" />
		<Option pch_mode="2" />
		<Option compiler="gcc" />
		<Build>
			<Target title="Debug">
				<Option output="bin/Debug/agence" prefix_auto="1" extension_auto="1" />
				<Option object_output="obj/Debug/" />
				<Option type="1" />
				<Option compiler="gcc" />
				<Compiler>
					<Add option="-g" />
				</Compiler>
			</Target>
			<Target title="Release">
				<Option output="bin/Release/agence" prefix_auto="1" extension_auto="1" />
				<Option object_output="obj/Release/" />
				<Option type="1" />
				<Option compiler="gcc" />
				<Compiler>
					<Add option="-O2" />
				</Compiler>
				<Linker>
					<Add option="-s" />
				</Linker>
			</Target>
		</Build>
		<Compiler>
			<Add option="-Wall" />
			<Add option="-fexceptions" />
		</Compiler>
		<Unit filename="../../../Desktop/New folder/Model/Agence.h" />
		<Unit filename="../../../Desktop/New folder/Model/Client.h" />
		<Unit filename="../../../Desktop/New folder/Model/Contrats.h" />
		<Unit filename="../../../Desktop/New folder/Model/Employee.h" />
		<Unit filename="../../../Desktop/New folder/Model/Logement.h" />
		<Unit filename="../../../Desktop/New folder/Model/Personne.h" />
		<Unit filename="../../../Desktop/New folder/Model/Problem.h" />
		<Unit filename="../../../Desktop/New folder/Model/Proprietaire.h" />
		<Unit filename="../../../Desktop/New folder/Model/Reclamation.h" />
		<Unit filename="../../../Desktop/New folder/Model/Suggestion.h" />
		<Unit filename="main.cpp" />
		<Extensions>
			<code_completion />
			<envvars />
			<debugger />
		</Extensions>
	</Project>
</CodeBlocks_project_file>
